<?xml version="1.0" encoding="utf-8"?>
<Project ToolsVersion="4.0" xmlns="http://schemas.microsoft.com/developer/msbuild/2003">
  <ItemGroup>
    <Filter Include="소스 파일">
      <UniqueIdentifier>{4FC737F1-C7A5-4376-A066-2A32D752A2FF}</UniqueIdentifier>
      <Extensions>cpp;c;cc;cxx;def;odl;idl;hpj;bat;asm;asmx</Extensions>
    </Filter>
    <Filter Include="헤더 파일">
      <UniqueIdentifier>{93995380-89BD-4b04-88EB-625FBE52EBFB}</UniqueIdentifier>
      <Extensions>h;hh;hpp;hxx;hm;inl;inc;ipp;xsd</Extensions>
    </Filter>
    <Filter Include="리소스 파일">
      <UniqueIdentifier>{67DA6AB6-F800-4c08-8B7A-83BB121AAD01}</UniqueIdentifier>
      <Extensions>rc;ico;cur;bmp;dlg;rc2;rct;bin;rgs;gif;jpg;jpeg;jpe;resx;tiff;tif;png;wav;mfcribbon-ms</Extensions>
    </Filter>
    <Filter Include="소스 파일\p144 DLIST%28Dummy Node%29">
      <UniqueIdentifier>{3a87b36e-0fc5-4d31-a6ed-9b150cb2ee4f}</UniqueIdentifier>
    </Filter>
    <Filter Include="소스 파일\p81 LIST%28Array%29">
      <UniqueIdentifier>{f4fa0f86-475d-48dd-a51e-b539dd361a51}</UniqueIdentifier>
    </Filter>
    <Filter Include="소스 파일\p188 DBList%28Double%29,05-2">
      <UniqueIdentifier>{547c2fe9-47b3-4ab1-9138-ebb98d71981a}</UniqueIdentifier>
    </Filter>
    <Filter Include="소스 파일\p213 ListBaseStack">
      <UniqueIdentifier>{77072d11-c4a2-4e46-9f0c-32a86fd21055}</UniqueIdentifier>
    </Filter>
    <Filter Include="소스 파일\p211 ArrayBaseStack">
      <UniqueIdentifier>{8d57494b-72f0-41ab-b606-c56b11cbbb92}</UniqueIdentifier>
    </Filter>
    <Filter Include="소스 파일\p162 CLinkedList">
      <UniqueIdentifier>{9ddcff04-66da-4cd7-b242-f666c7e2a7fc}</UniqueIdentifier>
    </Filter>
    <Filter Include="소스 파일\p260 CircluarQueue">
      <UniqueIdentifier>{2fab2739-3a1a-47d3-87ad-64cff86ac67a}</UniqueIdentifier>
    </Filter>
  </ItemGroup>
  <ItemGroup>
    <ClCompile Include="P19 LinearSearch.c">
      <Filter>소스 파일</Filter>
    </ClCompile>
    <ClCompile Include="p28 BinarySearch.c">
      <Filter>소스 파일</Filter>
    </ClCompile>
    <ClCompile Include="p57 FibonacciFunc.c">
      <Filter>소스 파일</Filter>
    </ClCompile>
    <ClCompile Include="p63 RecursiveBinarySearch.c">
      <Filter>소스 파일</Filter>
    </ClCompile>
    <ClCompile Include="p71 HanoiTowerSolu.c">
      <Filter>소스 파일</Filter>
    </ClCompile>
    <ClCompile Include="p107 LinkedRead.c">
      <Filter>소스 파일</Filter>
    </ClCompile>
    <ClCompile Include="p106 ArrayRead.c">
      <Filter>소스 파일</Filter>
    </ClCompile>
    <ClCompile Include="DBLinkedList.c">
      <Filter>소스 파일\p188 DBList%28Double%29,05-2</Filter>
    </ClCompile>
    <ClCompile Include="DBLinkedListMain.c">
      <Filter>소스 파일\p188 DBList%28Double%29,05-2</Filter>
    </ClCompile>
    <ClCompile Include="p144 DLinkedList.c">
      <Filter>소스 파일\p144 DLIST%28Dummy Node%29</Filter>
    </ClCompile>
    <ClCompile Include="p144 DLinkedListMain.c">
      <Filter>소스 파일\p144 DLIST%28Dummy Node%29</Filter>
    </ClCompile>
    <ClCompile Include="p81 ArrayList.c">
      <Filter>소스 파일\p81 LIST%28Array%29</Filter>
    </ClCompile>
    <ClCompile Include="p81 ListMain.c">
      <Filter>소스 파일\p81 LIST%28Array%29</Filter>
    </ClCompile>
    <ClCompile Include="p211 ArrayBaseStack.c">
      <Filter>소스 파일\p211 ArrayBaseStack</Filter>
    </ClCompile>
    <ClCompile Include="p211 ArrayBaseStackMain.c">
      <Filter>소스 파일\p211 ArrayBaseStack</Filter>
    </ClCompile>
    <ClCompile Include="P213 ListBaseStack.c">
      <Filter>소스 파일\p213 ListBaseStack</Filter>
    </ClCompile>
    <ClCompile Include="P213 ListBaseStackMain.c">
      <Filter>소스 파일\p213 ListBaseStack</Filter>
    </ClCompile>
    <ClCompile Include="p162 CLinkedList.c">
      <Filter>소스 파일\p162 CLinkedList</Filter>
    </ClCompile>
    <ClCompile Include="p162 CLinkedListMain.c">
      <Filter>소스 파일\p162 CLinkedList</Filter>
    </ClCompile>
    <ClCompile Include="p260 CircularQueue.c">
      <Filter>소스 파일\p260 CircluarQueue</Filter>
    </ClCompile>
    <ClCompile Include="p260 CircularQueueMain.c">
      <Filter>소스 파일\p260 CircluarQueue</Filter>
    </ClCompile>
  </ItemGroup>
  <ItemGroup>
    <ClInclude Include="DBLinkedList.h">
      <Filter>소스 파일\p188 DBList%28Double%29,05-2</Filter>
    </ClInclude>
    <ClInclude Include="p144 DLinkedList.h">
      <Filter>소스 파일\p144 DLIST%28Dummy Node%29</Filter>
    </ClInclude>
    <ClInclude Include="p81 ArrayList.h">
      <Filter>소스 파일\p81 LIST%28Array%29</Filter>
    </ClInclude>
    <ClInclude Include="p211 ArrayBaseStack.h">
      <Filter>소스 파일\p211 ArrayBaseStack</Filter>
    </ClInclude>
    <ClInclude Include="P213 ListBaseStack.h">
      <Filter>소스 파일\p213 ListBaseStack</Filter>
    </ClInclude>
    <ClInclude Include="p162 CLinkedList.h">
      <Filter>소스 파일\p162 CLinkedList</Filter>
    </ClInclude>
    <ClInclude Include="p260 CircularQueue.h">
      <Filter>소스 파일\p260 CircluarQueue</Filter>
    </ClInclude>
  </ItemGroup>
</Project>